Microsoft Visual Studio Solution File, Format Version 12.00
# Visual Studio Version 17
VisualStudioVersion = 17.5.2.0
MinimumVisualStudioVersion = 10.0.40219.1
Project("{FAE04EC0-301F-11D3-BF4B-00C04F79EFBC}") = "lab 5", "lab 5.csproj", "{D3DCD0EF-0B51-D001-5ED4-8469930C7B8D}"
EndProject
Global
	GlobalSection(SolutionConfigurationPlatforms) = preSolution
		Debug|Any CPU = Debug|Any CPU
		Release|Any CPU = Release|Any CPU
	EndGlobalSection
	GlobalSection(ProjectConfigurationPlatforms) = postSolution
		{D3DCD0EF-0B51-D001-5ED4-8469930C7B8D}.Debug|Any CPU.ActiveCfg = Debug|Any CPU
		{D3DCD0EF-0B51-D001-5ED4-8469930C7B8D}.Debug|Any CPU.Build.0 = Debug|Any CPU
		{D3DCD0EF-0B51-D001-5ED4-8469930C7B8D}.Release|Any CPU.ActiveCfg = Release|Any CPU
		{D3DCD0EF-0B51-D001-5ED4-8469930C7B8D}.Release|Any CPU.Build.0 = Release|Any CPU
	EndGlobalSection
	GlobalSection(SolutionProperties) = preSolution
		HideSolutionNode = FALSE
	EndGlobalSection
	GlobalSection(ExtensibilityGlobals) = postSolution
		SolutionGuid = {683F52C9-0930-471D-A42B-57ADB04D3EDA}
	EndGlobalSection
EndGlobal
